
Microsoft Visual Studio Solution File, Format Version 12.00
# Visual Studio Version 17
VisualStudioVersion = 17.6.33712.159
MinimumVisualStudioVersion = 10.0.40219.1
Project("{FAE04EC0-301F-11D3-BF4B-00C04F79EFBC}") = "s7_example_put_get", "s7_example_put_get\s7_example_put_get.csproj", "{B046F348-4190-47BB-903C-1E5D0DFC62FE}"
EndProject
Global
	GlobalSection(SolutionConfigurationPlatforms) = preSolution
		Debug|Any CPU = Debug|Any CPU
		Release|Any CPU = Release|Any CPU
	EndGlobalSection
	GlobalSection(ProjectConfigurationPlatforms) = postSolution
		{B046F348-4190-47BB-903C-1E5D0DFC62FE}.Debug|Any CPU.ActiveCfg = Debug|Any CPU
		{B046F348-4190-47BB-903C-1E5D0DFC62FE}.Debug|Any CPU.Build.0 = Debug|Any CPU
		{B046F348-4190-47BB-903C-1E5D0DFC62FE}.Release|Any CPU.ActiveCfg = Release|Any CPU
		{B046F348-4190-47BB-903C-1E5D0DFC62FE}.Release|Any CPU.Build.0 = Release|Any CPU
	EndGlobalSection
	GlobalSection(SolutionProperties) = preSolution
		HideSolutionNode = FALSE
	EndGlobalSection
	GlobalSection(ExtensibilityGlobals) = postSolution
		SolutionGuid = {67AEC983-3C4C-4CE9-A76F-567527CCC17A}
	EndGlobalSection
EndGlobal
